
Microsoft Visual Studio Solution File, Format Version 12.00
# Visual Studio Version 16
VisualStudioVersion = 16.0.29326.143
MinimumVisualStudioVersion = 10.0.40219.1
Project("{8BC9CEB8-8B4A-11D0-8D11-00A0C91BC942}") = "04_draw_figures", "04_draw_figures\04_draw_figures.vcxproj", "{1FC83C89-7658-4D27-9B14-912806C08C13}"
EndProject
Global
	GlobalSection(SolutionConfigurationPlatforms) = preSolution
		Debug|x64 = Debug|x64
		Debug|x86 = Debug|x86
		Release|x64 = Release|x64
		Release|x86 = Release|x86
	EndGlobalSection
	GlobalSection(ProjectConfigurationPlatforms) = postSolution
		{1FC83C89-7658-4D27-9B14-912806C08C13}.Debug|x64.ActiveCfg = Debug|x64
		{1FC83C89-7658-4D27-9B14-912806C08C13}.Debug|x64.Build.0 = Debug|x64
		{1FC83C89-7658-4D27-9B14-912806C08C13}.Debug|x86.ActiveCfg = Debug|Win32
		{1FC83C89-7658-4D27-9B14-912806C08C13}.Debug|x86.Build.0 = Debug|Win32
		{1FC83C89-7658-4D27-9B14-912806C08C13}.Release|x64.ActiveCfg = Release|x64
		{1FC83C89-7658-4D27-9B14-912806C08C13}.Release|x64.Build.0 = Release|x64
		{1FC83C89-7658-4D27-9B14-912806C08C13}.Release|x86.ActiveCfg = Release|Win32
		{1FC83C89-7658-4D27-9B14-912806C08C13}.Release|x86.Build.0 = Release|Win32
	EndGlobalSection
	GlobalSection(SolutionProperties) = preSolution
		HideSolutionNode = FALSE
	EndGlobalSection
	GlobalSection(ExtensibilityGlobals) = postSolution
		SolutionGuid = {998D6CE3-021E-4CC6-8F22-742C997CBA34}
	EndGlobalSection
EndGlobal
